// !$*UTF8*$!
{
	archiveVersion = 1;
	classes = {
	};
	objectVersion = 46;
	objects = {

/* Begin PBXBuildFile section */
		F61CA25F1D6D5A34004DCD00 /* AppDelegate.swift in Sources */ = {isa = PBXBuildFile; fileRef = F61CA25E1D6D5A34004DCD00 /* AppDelegate.swift */; };
		F61CA2611D6D5A34004DCD00 /* ViewController.swift in Sources */ = {isa = PBXBuildFile; fileRef = F61CA2601D6D5A34004DCD00 /* ViewController.swift */; };
		F61CA2641D6D5A35004DCD00 /* Main.storyboard in Resources */ = {isa = PBXBuildFile; fileRef = F61CA2621D6D5A35004DCD00 /* Main.storyboard */; };
		F61CA2661D6D5A35004DCD00 /* Assets.xcassets in Resources */ = {isa = PBXBuildFile; fileRef = F61CA2651D6D5A35004DCD00 /* Assets.xcassets */; };
		F61CA2691D6D5A35004DCD00 /* LaunchScreen.storyboard in Resources */ = {isa = PBXBuildFile; fileRef = F61CA2671D6D5A35004DCD00 /* LaunchScreen.storyboard */; };
		F61CA2741D6D5A35004DCD00 /* pg1Tests.swift in Sources */ = {isa = PBXBuildFile; fileRef = F61CA2731D6D5A35004DCD00 /* pg1Tests.swift */; };
		F61CA27F1D6D5A35004DCD00 /* pg1UITests.swift in Sources */ = {isa = PBXBuildFile; fileRef = F61CA27E1D6D5A35004DCD00 /* pg1UITests.swift */; };
/* End PBXBuildFile section */

/* Begin PBXContainerItemProxy section */
		F61CA2701D6D5A35004DCD00 /* PBXContainerItemProxy */ = {
			isa = PBXContainerItemProxy;
			containerPortal = F61CA2531D6D5A34004DCD00 /* Project object */;
			proxyType = 1;
			remoteGlobalIDString = F61CA25A1D6D5A34004DCD00;
			remoteInfo = pg1;
		};
		F61CA27B1D6D5A35004DCD00 /* PBXContainerItemProxy */ = {
			isa = PBXContainerItemProxy;
			containerPortal = F61CA2531D6D5A34004DCD00 /* Project object */;
			proxyType = 1;
			remoteGlobalIDString = F61CA25A1D6D5A34004DCD00;
			remoteInfo = pg1;
		};
/* End PBXContainerItemProxy section */

/* Begin PBXFileReference section */
		F61CA25B1D6D5A34004DCD00 /* pg1.app */ = {isa = PBXFileReference; explicitFileType = wrapper.application; includeInIndex = 0; path = pg1.app; sourceTree = BUILT_PRODUCTS_DIR; };
		F61CA25E1D6D5A34004DCD00 /* AppDelegate.swift */ = {isa = PBXFileReference; lastKnownFileType = sourcecode.swift; path = AppDelegate.swift; sourceTree = "<group>"; };
		F61CA2601D6D5A34004DCD00 /* ViewController.swift */ = {isa = PBXFileReference; lastKnownFileType = sourcecode.swift; path = ViewController.swift; sourceTree = "<group>"; };
		F61CA2631D6D5A35004DCD00 /* Base */ = {isa = PBXFileReference; lastKnownFileType = file.storyboard; name = Base; path = Base.lproj/Main.storyboard; sourceTree = "<group>"; };
		F61CA2651D6D5A35004DCD00 /* Assets.xcassets */ = {isa = PBXFileReference; lastKnownFileType = folder.assetcatalog; path = Assets.xcassets; sourceTree = "<group>"; };
		F61CA2681D6D5A35004DCD00 /* Base */ = {isa = PBXFileReference; lastKnownFileType = file.storyboard; name = Base; path = Base.lproj/LaunchScreen.storyboard; sourceTree = "<group>"; };
		F61CA26A1D6D5A35004DCD00 /* Info.plist */ = {isa = PBXFileReference; lastKnownFileType = text.plist.xml; path = Info.plist; sourceTree = "<group>"; };
		F61CA26F1D6D5A35004DCD00 /* pg1Tests.xctest */ = {isa = PBXFileReference; explicitFileType = wrapper.cfbundle; includeInIndex = 0; path = pg1Tests.xctest; sourceTree = BUILT_PRODUCTS_DIR; };
		F61CA2731D6D5A35004DCD00 /* pg1Tests.swift */ = {isa = PBXFileReference; lastKnownFileType = sourcecode.swift; path = pg1Tests.swift; sourceTree = "<group>"; };
		F61CA2751D6D5A35004DCD00 /* Info.plist */ = {isa = PBXFileReference; lastKnownFileType = text.plist.xml; path = Info.plist; sourceTree = "<group>"; };
		F61CA27A1D6D5A35004DCD00 /* pg1UITests.xctest */ = {isa = PBXFileReference; explicitFileType = wrapper.cfbundle; includeInIndex = 0; path = pg1UITests.xctest; sourceTree = BUILT_PRODUCTS_DIR; };
		F61CA27E1D6D5A35004DCD00 /* pg1UITests.swift */ = {isa = PBXFileReference; lastKnownFileType = sourcecode.swift; path = pg1UITests.swift; sourceTree = "<group>"; };
		F61CA2801D6D5A35004DCD00 /* Info.plist */ = {isa = PBXFileReference; lastKnownFileType = text.plist.xml; path = Info.plist; sourceTree = "<group>"; };
/* End PBXFileReference section */

/* Begin PBXFrameworksBuildPhase section */
		F61CA2581D6D5A34004DCD00 /* Frameworks */ = {
			isa = PBXFrameworksBuildPhase;
			buildActionMask = 2147483647;
			files = (
			);
			runOnlyForDeploymentPostprocessing = 0;
		};
		F61CA26C1D6D5A35004DCD00 /* Frameworks */ = {
			isa = PBXFrameworksBuildPhase;
			buildActionMask = 2147483647;
			files = (
			);
			runOnlyForDeploymentPostprocessing = 0;
		};
		F61CA2771D6D5A35004DCD00 /* Frameworks */ = {
			isa = PBXFrameworksBuildPhase;
			buildActionMask = 2147483647;
			files = (
			);
			runOnlyForDeploymentPostprocessing = 0;
		};
/* End PBXFrameworksBuildPhase section */

/* Begin PBXGroup section */
		F61CA2521D6D5A34004DCD00 = {
			isa = PBXGroup;
			children = (
				F61CA25D1D6D5A34004DCD00 /* pg1 */,
				F61CA2721D6D5A35004DCD00 /* pg1Tests */,
				F61CA27D1D6D5A35004DCD00 /* pg1UITests */,
				F61CA25C1D6D5A34004DCD00 /* Products */,
			);
			sourceTree = "<group>";
		};
		F61CA25C1D6D5A34004DCD00 /* Products */ = {
			isa = PBXGroup;
			children = (
				F61CA25B1D6D5A34004DCD00 /* pg1.app */,
				F61CA26F1D6D5A35004DCD00 /* pg1Tests.xctest */,
				F61CA27A1D6D5A35004DCD00 /* pg1UITests.xctest */,
			);
			name = Products;
			sourceTree = "<group>";
		};
		F61CA25D1D6D5A34004DCD00 /* pg1 */ = {
			isa = PBXGroup;
			children = (
				F61CA25E1D6D5A34004DCD00 /* AppDelegate.swift */,
				F61CA2601D6D5A34004DCD00 /* ViewController.swift */,
				F61CA2621D6D5A35004DCD00 /* Main.storyboard */,
				F61CA2651D6D5A35004DCD00 /* Assets.xcassets */,
				F61CA2671D6D5A35004DCD00 /* LaunchScreen.storyboard */,
				F61CA26A1D6D5A35004DCD00 /* Info.plist */,
			);
			path = pg1;
			sourceTree = "<group>";
		};
		F61CA2721D6D5A35004DCD00 /* pg1Tests */ = {
			isa = PBXGroup;
			children = (
				F61CA2731D6D5A35004DCD00 /* pg1Tests.swift */,
				F61CA2751D6D5A35004DCD00 /* Info.plist */,
			);
			path = pg1Tests;
			sourceTree = "<group>";
		};
		F61CA27D1D6D5A35004DCD00 /* pg1UITests */ = {
			isa = PBXGroup;
			children = (
				F61CA27E1D6D5A35004DCD00 /* pg1UITests.swift */,
				F61CA2801D6D5A35004DCD00 /* Info.plist */,
			);
			path = pg1UITests;
			sourceTree = "<group>";
		};
/* End PBXGroup section */

/* Begin PBXNativeTarget section */
		F61CA25A1D6D5A34004DCD00 /* pg1 */ = {
			isa = PBXNativeTarget;
			buildConfigurationList = F61CA2831D6D5A35004DCD00 /* Build configuration list for PBXNativeTarget "pg1" */;
			buildPhases = (
				F61CA2571D6D5A34004DCD00 /* Sources */,
				F61CA2581D6D5A34004DCD00 /* Frameworks */,
				F61CA2591D6D5A34004DCD00 /* Resources */,
			);
			buildRules = (
			);
			dependencies = (
			);
			name = pg1;
			productName = pg1;
			productReference = F61CA25B1D6D5A34004DCD00 /* pg1.app */;
			productType = "com.apple.product-type.application";
		};
		F61CA26E1D6D5A35004DCD00 /* pg1Tests */ = {
			isa = PBXNativeTarget;
			buildConfigurationList = F61CA2861D6D5A35004DCD00 /* Build configuration list for PBXNativeTarget "pg1Tests" */;
			buildPhases = (
				F61CA26B1D6D5A35004DCD00 /* Sources */,
				F61CA26C1D6D5A35004DCD00 /* Frameworks */,
				F61CA26D1D6D5A35004DCD00 /* Resources */,
			);
			buildRules = (
			);
			dependencies = (
				F61CA2711D6D5A35004DCD00 /* PBXTargetDependency */,
			);
			name = pg1Tests;
			productName = pg1Tests;
			productReference = F61CA26F1D6D5A35004DCD00 /* pg1Tests.xctest */;
			productType = "com.apple.product-type.bundle.unit-test";
		};
		F61CA2791D6D5A35004DCD00 /* pg1UITests */ = {
			isa = PBXNativeTarget;
			buildConfigurationList = F61CA2891D6D5A35004DCD00 /* Build configuration list for PBXNativeTarget "pg1UITests" */;
			buildPhases = (
				F61CA2761D6D5A35004DCD00 /* Sources */,
				F61CA2771D6D5A35004DCD00 /* Frameworks */,
				F61CA2781D6D5A35004DCD00 /* Resources */,
			);
			buildRules = (
			);
			dependencies = (
				F61CA27C1D6D5A35004DCD00 /* PBXTargetDependency */,
			);
			name = pg1UITests;
			productName = pg1UITests;
			productReference = F61CA27A1D6D5A35004DCD00 /* pg1UITests.xctest */;
			productType = "com.apple.product-type.bundle.ui-testing";
		};
/* End PBXNativeTarget section */

/* Begin PBXProject section */
		F61CA2531D6D5A34004DCD00 /* Project object */ = {
			isa = PBXProject;
			attributes = {
				LastUpgradeCheck = 0700;
				ORGANIZATIONNAME = Jesusdi;
				TargetAttributes = {
					F61CA25A1D6D5A34004DCD00 = {
						CreatedOnToolsVersion = 7.0.1;
					};
					F61CA26E1D6D5A35004DCD00 = {
						CreatedOnToolsVersion = 7.0.1;
						TestTargetID = F61CA25A1D6D5A34004DCD00;
					};
					F61CA2791D6D5A35004DCD00 = {
						CreatedOnToolsVersion = 7.0.1;
						TestTargetID = F61CA25A1D6D5A34004DCD00;
					};
				};
			};
			buildConfigurationList = F61CA2561D6D5A34004DCD00 /* Build configuration list for PBXProject "pg1" */;
			compatibilityVersion = "Xcode 3.2";
			developmentRegion = English;
			hasScannedForEncodings = 0;
			knownRegions = (
				en,
				Base,
			);
			mainGroup = F61CA2521D6D5A34004DCD00;
			productRefGroup = F61CA25C1D6D5A34004DCD00 /* Products */;
			projectDirPath = "";
			projectRoot = "";
			targets = (
				F61CA25A1D6D5A34004DCD00 /* pg1 */,
				F61CA26E1D6D5A35004DCD00 /* pg1Tests */,
				F61CA2791D6D5A35004DCD00 /* pg1UITests */,
			);
		};
/* End PBXProject section */

/* Begin PBXResourcesBuildPhase section */
		F61CA2591D6D5A34004DCD00 /* Resources */ = {
			isa = PBXResourcesBuildPhase;
			buildActionMask = 2147483647;
			files = (
				F61CA2691D6D5A35004DCD00 /* LaunchScreen.storyboard in Resources */,
				F61CA2661D6D5A35004DCD00 /* Assets.xcassets in Resources */,
				F61CA2641D6D5A35004DCD00 /* Main.storyboard in Resources */,
			);
			runOnlyForDeploymentPostprocessing = 0;
		};
		F61CA26D1D6D5A35004DCD00 /* Resources */ = {
			isa = PBXResourcesBuildPhase;
			buildActionMask = 2147483647;
			files = (
			);
			runOnlyForDeploymentPostprocessing = 0;
		};
		F61CA2781D6D5A35004DCD00 /* Resources */ = {
			isa = PBXResourcesBuildPhase;
			buildActionMask = 2147483647;
			files = (
			);
			runOnlyForDeploymentPostprocessing = 0;
		};
/* End PBXResourcesBuildPhase section */

/* Begin PBXSourcesBuildPhase section */
		F61CA2571D6D5A34004DCD00 /* Sources */ = {
			isa = PBXSourcesBuildPhase;
			buildActionMask = 2147483647;
			files = (
				F61CA2611D6D5A34004DCD00 /* ViewController.swift in Sources */,
				F61CA25F1D6D5A34004DCD00 /* AppDelegate.swift in Sources */,
			);
			runOnlyForDeploymentPostprocessing = 0;
		};
		F61CA26B1D6D5A35004DCD00 /* Sources */ = {
			isa = PBXSourcesBuildPhase;
			buildActionMask = 2147483647;
			files = (
				F61CA2741D6D5A35004DCD00 /* pg1Tests.swift in Sources */,
			);
			runOnlyForDeploymentPostprocessing = 0;
		};
		F61CA2761D6D5A35004DCD00 /* Sources */ = {
			isa = PBXSourcesBuildPhase;
			buildActionMask = 2147483647;
			files = (
				F61CA27F1D6D5A35004DCD00 /* pg1UITests.swift in Sources */,
			);
			runOnlyForDeploymentPostprocessing = 0;
		};
/* End PBXSourcesBuildPhase section */

/* Begin PBXTargetDependency section */
		F61CA2711D6D5A35004DCD00 /* PBXTargetDependency */ = {
			isa = PBXTargetDependency;
			target = F61CA25A1D6D5A34004DCD00 /* pg1 */;
			targetProxy = F61CA2701D6D5A35004DCD00 /* PBXContainerItemProxy */;
		};
		F61CA27C1D6D5A35004DCD00 /* PBXTargetDependency */ = {
			isa = PBXTargetDependency;
			target = F61CA25A1D6D5A34004DCD00 /* pg1 */;
			targetProxy = F61CA27B1D6D5A35004DCD00 /* PBXContainerItemProxy */;
		};
/* End PBXTargetDependency section */

/* Begin PBXVariantGroup section */
		F61CA2621D6D5A35004DCD00 /* Main.storyboard */ = {
			isa = PBXVariantGroup;
			children = (
				F61CA2631D6D5A35004DCD00 /* Base */,
			);
			name = Main.storyboard;
			sourceTree = "<group>";
		};
		F61CA2671D6D5A35004DCD00 /* LaunchScreen.storyboard */ = {
			isa = PBXVariantGroup;
			children = (
				F61CA2681D6D5A35004DCD00 /* Base */,
			);
			name = LaunchScreen.storyboard;
			sourceTree = "<group>";
		};
/* End PBXVariantGroup section */

/* Begin XCBuildConfiguration section */
		F61CA2811D6D5A35004DCD00 /* Debug */ = {
			isa = XCBuildConfiguration;
			buildSettings = {
				ALWAYS_SEARCH_USER_PATHS = NO;
				CLANG_CXX_LANGUAGE_STANDARD = "gnu++0x";
				CLANG_CXX_LIBRARY = "libc++";
				CLANG_ENABLE_MODULES = YES;
				CLANG_ENABLE_OBJC_ARC = YES;
				CLANG_WARN_BOOL_CONVERSION = YES;
				CLANG_WARN_CONSTANT_CONVERSION = YES;
				CLANG_WARN_DIRECT_OBJC_ISA_USAGE = YES_ERROR;
				CLANG_WARN_EMPTY_BODY = YES;
				CLANG_WARN_ENUM_CONVERSION = YES;
				CLANG_WARN_INT_CONVERSION = YES;
				CLANG_WARN_OBJC_ROOT_CLASS = YES_ERROR;
				CLANG_WARN_UNREACHABLE_CODE = YES;
				CLANG_WARN__DUPLICATE_METHOD_MATCH = YES;
				"CODE_SIGN_IDENTITY[sdk=iphoneos*]" = "iPhone Developer";
				COPY_PHASE_STRIP = NO;
				DEBUG_INFORMATION_FORMAT = dwarf;
				ENABLE_STRICT_OBJC_MSGSEND = YES;
				ENABLE_TESTABILITY = YES;
				GCC_C_LANGUAGE_STANDARD = gnu99;
				GCC_DYNAMIC_NO_PIC = NO;
				GCC_NO_COMMON_BLOCKS = YES;
				GCC_OPTIMIZATION_LEVEL = 0;
				GCC_PREPROCESSOR_DEFINITIONS = (
					"DEBUG=1",
					"$(inherited)",
				);
				GCC_WARN_64_TO_32_BIT_CONVERSION = YES;
				GCC_WARN_ABOUT_RETURN_TYPE = YES_ERROR;
				GCC_WARN_UNDECLARED_SELECTOR = YES;
				GCC_WARN_UNINITIALIZED_AUTOS = YES_AGGRESSIVE;
				GCC_WARN_UNUSED_FUNCTION = YES;
				GCC_WARN_UNUSED_VARIABLE = YES;
				IPHONEOS_DEPLOYMENT_TARGET = 9.0;
				MTL_ENABLE_DEBUG_INFO = YES;
				ONLY_ACTIVE_ARCH = YES;
				SDKROOT = iphoneos;
				SWIFT_OPTIMIZATION_LEVEL = "-Onone";
			};
			name = Debug;
		};
		F61CA2821D6D5A35004DCD00 /* Release */ = {
			isa = XCBuildConfiguration;
			buildSettings = {
				ALWAYS_SEARCH_USER_PATHS = NO;
				CLANG_CXX_LANGUAGE_STANDARD = "gnu++0x";
				CLANG_CXX_LIBRARY = "libc++";
				CLANG_ENABLE_MODULES = YES;
				CLANG_ENABLE_OBJC_ARC = YES;
				CLANG_WARN_BOOL_CONVERSION = YES;
				CLANG_WARN_CONSTANT_CONVERSION = YES;
				CLANG_WARN_DIRECT_OBJC_ISA_USAGE = YES_ERROR;
				CLANG_WARN_EMPTY_BODY = YES;
				CLANG_WARN_ENUM_CONVERSION = YES;
				CLANG_WARN_INT_CONVERSION = YES;
				CLANG_WARN_OBJC_ROOT_CLASS = YES_ERROR;
				CLANG_WARN_UNREACHABLE_CODE = YES;
				CLANG_WARN__DUPLICATE_METHOD_MATCH = YES;
				"CODE_SIGN_IDENTITY[sdk=iphoneos*]" = "iPhone Developer";
				COPY_PHASE_STRIP = NO;
				DEBUG_INFORMATION_FORMAT = "dwarf-with-dsym";
				ENABLE_NS_ASSERTIONS = NO;
				ENABLE_STRICT_OBJC_MSGSEND = YES;
				GCC_C_LANGUAGE_STANDARD = gnu99;
				GCC_NO_COMMON_BLOCKS = YES;
				GCC_WARN_64_TO_32_BIT_CONVERSION = YES;
				GCC_WARN_ABOUT_RETURN_TYPE = YES_ERROR;
				GCC_WARN_UNDECLARED_SELECTOR = YES;
				GCC_WARN_UNINITIALIZED_AUTOS = YES_AGGRESSIVE;
				GCC_WARN_UNUSED_FUNCTION = YES;
				GCC_WARN_UNUSED_VARIABLE = YES;
				IPHONEOS_DEPLOYMENT_TARGET = 9.0;
				MTL_ENABLE_DEBUG_INFO = NO;
				SDKROOT = iphoneos;
				VALIDATE_PRODUCT = YES;
			};
			name = Release;
		};
		F61CA2841D6D5A35004DCD00 /* Debug */ = {
			isa = XCBuildConfiguration;
			buildSettings = {
				ASSETCATALOG_COMPILER_APPICON_NAME = AppIcon;
				INFOPLIST_FILE = pg1/Info.plist;
				LD_RUNPATH_SEARCH_PATHS = "$(inherited) @executable_path/Frameworks";
				PRODUCT_BUNDLE_IDENTIFIER = DDM.pg1;
				PRODUCT_NAME = "$(TARGET_NAME)";
			};
			name = Debug;
		};
		F61CA2851D6D5A35004DCD00 /* Release */ = {
			isa = XCBuildConfiguration;
			buildSettings = {
				ASSETCATALOG_COMPILER_APPICON_NAME = AppIcon;
				INFOPLIST_FILE = pg1/Info.plist;
				LD_RUNPATH_SEARCH_PATHS = "$(inherited) @executable_path/Frameworks";
				PRODUCT_BUNDLE_IDENTIFIER = DDM.pg1;
				PRODUCT_NAME = "$(TARGET_NAME)";
			};
			name = Release;
		};
		F61CA2871D6D5A35004DCD00 /* Debug */ = {
			isa = XCBuildConfiguration;
			buildSettings = {
				BUNDLE_LOADER = "$(TEST_HOST)";
				INFOPLIST_FILE = pg1Tests/Info.plist;
				LD_RUNPATH_SEARCH_PATHS = "$(inherited) @executable_path/Frameworks @loader_path/Frameworks";
				PRODUCT_BUNDLE_IDENTIFIER = DDM.pg1Tests;
				PRODUCT_NAME = "$(TARGET_NAME)";
				TEST_HOST = "$(BUILT_PRODUCTS_DIR)/pg1.app/pg1";
			};
			name = Debug;
		};
		F61CA2881D6D5A35004DCD00 /* Release */ = {
			isa = XCBuildConfiguration;
			buildSettings = {
				BUNDLE_LOADER = "$(TEST_HOST)";
				INFOPLIST_FILE = pg1Tests/Info.plist;
				LD_RUNPATH_SEARCH_PATHS = "$(inherited) @executable_path/Frameworks @loader_path/Frameworks";
				PRODUCT_BUNDLE_IDENTIFIER = DDM.pg1Tests;
				PRODUCT_NAME = "$(TARGET_NAME)";
				TEST_HOST = "$(BUILT_PRODUCTS_DIR)/pg1.app/pg1";
			};
			name = Release;
		};
		F61CA28A1D6D5A35004DCD00 /* Debug */ = {
			isa = XCBuildConfiguration;
			buildSettings = {
				INFOPLIST_FILE = pg1UITests/Info.plist;
				LD_RUNPATH_SEARCH_PATHS = "$(inherited) @executable_path/Frameworks @loader_path/Frameworks";
				PRODUCT_BUNDLE_IDENTIFIER = DDM.pg1UITests;
				PRODUCT_NAME = "$(TARGET_NAME)";
				TEST_TARGET_NAME = pg1;
				USES_XCTRUNNER = YES;
			};
			name = Debug;
		};
		F61CA28B1D6D5A35004DCD00 /* Release */ = {
			isa = XCBuildConfiguration;
			buildSettings = {
				INFOPLIST_FILE = pg1UITests/Info.plist;
				LD_RUNPATH_SEARCH_PATHS = "$(inherited) @executable_path/Frameworks @loader_path/Frameworks";
				PRODUCT_BUNDLE_IDENTIFIER = DDM.pg1UITests;
				PRODUCT_NAME = "$(TARGET_NAME)";
				TEST_TARGET_NAME = pg1;
				USES_XCTRUNNER = YES;
			};
			name = Release;
		};
/* End XCBuildConfiguration section */

/* Begin XCConfigurationList section */
		F61CA2561D6D5A34004DCD00 /* Build configuration list for PBXProject "pg1" */ = {
			isa = XCConfigurationList;
			buildConfigurations = (
				F61CA2811D6D5A35004DCD00 /* Debug */,
				F61CA2821D6D5A35004DCD00 /* Release */,
			);
			defaultConfigurationIsVisible = 0;
			defaultConfigurationName = Release;
		};
		F61CA2831D6D5A35004DCD00 /* Build configuration list for PBXNativeTarget "pg1" */ = {
			isa = XCConfigurationList;
			buildConfigurations = (
				F61CA2841D6D5A35004DCD00 /* Debug */,
				F61CA2851D6D5A35004DCD00 /* Release */,
			);
			defaultConfigurationIsVisible = 0;
		};
		F61CA2861D6D5A35004DCD00 /* Build configuration list for PBXNativeTarget "pg1Tests" */ = {
			isa = XCConfigurationList;
			buildConfigurations = (
				F61CA2871D6D5A35004DCD00 /* Debug */,
				F61CA2881D6D5A35004DCD00 /* Release */,
			);
			defaultConfigurationIsVisible = 0;
		};
		F61CA2891D6D5A35004DCD00 /* Build configuration list for PBXNativeTarget "pg1UITests" */ = {
			isa = XCConfigurationList;
			buildConfigurations = (
				F61CA28A1D6D5A35004DCD00 /* Debug */,
				F61CA28B1D6D5A35004DCD00 /* Release */,
			);
			defaultConfigurationIsVisible = 0;
		};
/* End XCConfigurationList section */
	};
	rootObject = F61CA2531D6D5A34004DCD00 /* Project object */;
}
